
Microsoft Visual Studio Solution File, Format Version 11.00
# Visual Basic Express 2010
Project("{F184B08F-C81C-45F6-A57F-5ABD9991F28F}") = "StopWatch", "WindowsApplication1\StopWatch.vbproj", "{52CB26A8-7478-4510-8B99-20B0480F8685}"
EndProject
Global
	GlobalSection(SolutionConfigurationPlatforms) = preSolution
		Debug|Any CPU = Debug|Any CPU
		Release|Any CPU = Release|Any CPU
	EndGlobalSection
	GlobalSection(ProjectConfigurationPlatforms) = postSolution
		{52CB26A8-7478-4510-8B99-20B0480F8685}.Debug|Any CPU.ActiveCfg = Debug|Any CPU
		{52CB26A8-7478-4510-8B99-20B0480F8685}.Debug|Any CPU.Build.0 = Debug|Any CPU
		{52CB26A8-7478-4510-8B99-20B0480F8685}.Release|Any CPU.ActiveCfg = Release|Any CPU
		{52CB26A8-7478-4510-8B99-20B0480F8685}.Release|Any CPU.Build.0 = Release|Any CPU
	EndGlobalSection
	GlobalSection(SolutionProperties) = preSolution
		HideSolutionNode = FALSE
	EndGlobalSection
EndGlobal
